
Microsoft Visual Studio Solution File, Format Version 12.00
# Visual Studio Version 17
VisualStudioVersion = 17.5.001.0
MinimumVisualStudioVersion = 10.0.40219.1
Project("{9A19103F-16F7-4668-BE54-9A1E7A4F7556}") = "Aula 56_Propets_Csharp", "Aula 56_Propets_Csharp.csproj", "{7CF3A6E4-AE59-4E46-9D6A-B9122B8E8229}"
EndProject
Global
	GlobalSection(SolutionConfigurationPlatforms) = preSolution
		Debug|Any CPU = Debug|Any CPU
		Release|Any CPU = Release|Any CPU
	EndGlobalSection
	GlobalSection(ProjectConfigurationPlatforms) = postSolution
		{7CF3A6E4-AE59-4E46-9D6A-B9122B8E8229}.Debug|Any CPU.ActiveCfg = Debug|Any CPU
		{7CF3A6E4-AE59-4E46-9D6A-B9122B8E8229}.Debug|Any CPU.Build.0 = Debug|Any CPU
		{7CF3A6E4-AE59-4E46-9D6A-B9122B8E8229}.Release|Any CPU.ActiveCfg = Release|Any CPU
		{7CF3A6E4-AE59-4E46-9D6A-B9122B8E8229}.Release|Any CPU.Build.0 = Release|Any CPU
	EndGlobalSection
	GlobalSection(SolutionProperties) = preSolution
		HideSolutionNode = FALSE
	EndGlobalSection
	GlobalSection(ExtensibilityGlobals) = postSolution
		SolutionGuid = {B91A10E6-F0E6-40A5-935E-E6E7F2F28D31}
	EndGlobalSection
EndGlobal
